
Microsoft Visual Studio Solution File, Format Version 12.00
# Visual Studio Version 16
VisualStudioVersion = 16.0.29806.167
MinimumVisualStudioVersion = 10.0.40219.1
Project("{FAE04EC0-301F-11D3-BF4B-00C04F79EFBC}") = "HOP.UWP", "HOP\HOP.UWP\HOP.UWP.csproj", "{970C1EF8-F389-4F8E-AEBF-D2B053A4DC4D}"
EndProject
Project("{FAE04EC0-301F-11D3-BF4B-00C04F79EFBC}") = "HOP.Android", "HOP\HOP.Android\HOP.Android.csproj", "{8FBCFD18-240B-4E5E-B8D2-A4FFCD581459}"
EndProject
Project("{FAE04EC0-301F-11D3-BF4B-00C04F79EFBC}") = "HOP.iOS", "HOP\HOP.iOS\HOP.iOS.csproj", "{A4D96547-44DA-4593-A033-424D2CEF1CCE}"
EndProject
Project("{FAE04EC0-301F-11D3-BF4B-00C04F79EFBC}") = "HOP", "HOP\HOP\HOP.csproj", "{46B0532A-7BCC-48BE-ABB6-1C61F5BFD7BE}"
EndProject
Global
	GlobalSection(SolutionConfigurationPlatforms) = preSolution
		Debug|Any CPU = Debug|Any CPU
		Debug|ARM = Debug|ARM
		Debug|iPhone = Debug|iPhone
		Debug|iPhoneSimulator = Debug|iPhoneSimulator
		Debug|x64 = Debug|x64
		Debug|x86 = Debug|x86
		Release|Any CPU = Release|Any CPU
		Release|ARM = Release|ARM
		Release|iPhone = Release|iPhone
		Release|iPhoneSimulator = Release|iPhoneSimulator
		Release|x64 = Release|x64
		Release|x86 = Release|x86
	EndGlobalSection
	GlobalSection(ProjectConfigurationPlatforms) = postSolution
		{970C1EF8-F389-4F8E-AEBF-D2B053A4DC4D}.Debug|Any CPU.ActiveCfg = Debug|x86
		{970C1EF8-F389-4F8E-AEBF-D2B053A4DC4D}.Debug|Any CPU.Build.0 = Debug|x86
		{970C1EF8-F389-4F8E-AEBF-D2B053A4DC4D}.Debug|Any CPU.Deploy.0 = Debug|x86
		{970C1EF8-F389-4F8E-AEBF-D2B053A4DC4D}.Debug|ARM.ActiveCfg = Debug|ARM
		{970C1EF8-F389-4F8E-AEBF-D2B053A4DC4D}.Debug|ARM.Build.0 = Debug|ARM
		{970C1EF8-F389-4F8E-AEBF-D2B053A4DC4D}.Debug|ARM.Deploy.0 = Debug|ARM
		{970C1EF8-F389-4F8E-AEBF-D2B053A4DC4D}.Debug|iPhone.ActiveCfg = Debug|x86
		{970C1EF8-F389-4F8E-AEBF-D2B053A4DC4D}.Debug|iPhone.Build.0 = Debug|x86
		{970C1EF8-F389-4F8E-AEBF-D2B053A4DC4D}.Debug|iPhone.Deploy.0 = Debug|x86
		{970C1EF8-F389-4F8E-AEBF-D2B053A4DC4D}.Debug|iPhoneSimulator.ActiveCfg = Debug|x86
		{970C1EF8-F389-4F8E-AEBF-D2B053A4DC4D}.Debug|iPhoneSimulator.Build.0 = Debug|x86
		{970C1EF8-F389-4F8E-AEBF-D2B053A4DC4D}.Debug|iPhoneSimulator.Deploy.0 = Debug|x86
		{970C1EF8-F389-4F8E-AEBF-D2B053A4DC4D}.Debug|x64.ActiveCfg = Debug|x64
		{970C1EF8-F389-4F8E-AEBF-D2B053A4DC4D}.Debug|x64.Build.0 = Debug|x64
		{970C1EF8-F389-4F8E-AEBF-D2B053A4DC4D}.Debug|x64.Deploy.0 = Debug|x64
		{970C1EF8-F389-4F8E-AEBF-D2B053A4DC4D}.Debug|x86.ActiveCfg = Debug|x86
		{970C1EF8-F389-4F8E-AEBF-D2B053A4DC4D}.Debug|x86.Build.0 = Debug|x86
		{970C1EF8-F389-4F8E-AEBF-D2B053A4DC4D}.Debug|x86.Deploy.0 = Debug|x86
		{970C1EF8-F389-4F8E-AEBF-D2B053A4DC4D}.Release|Any CPU.ActiveCfg = Release|x86
		{970C1EF8-F389-4F8E-AEBF-D2B053A4DC4D}.Release|Any CPU.Build.0 = Release|x86
		{970C1EF8-F389-4F8E-AEBF-D2B053A4DC4D}.Release|Any CPU.Deploy.0 = Release|x86
		{970C1EF8-F389-4F8E-AEBF-D2B053A4DC4D}.Release|ARM.ActiveCfg = Release|ARM
		{970C1EF8-F389-4F8E-AEBF-D2B053A4DC4D}.Release|ARM.Build.0 = Release|ARM
		{970C1EF8-F389-4F8E-AEBF-D2B053A4DC4D}.Release|ARM.Deploy.0 = Release|ARM
		{970C1EF8-F389-4F8E-AEBF-D2B053A4DC4D}.Release|iPhone.ActiveCfg = Release|x86
		{970C1EF8-F389-4F8E-AEBF-D2B053A4DC4D}.Release|iPhone.Build.0 = Release|x86
		{970C1EF8-F389-4F8E-AEBF-D2B053A4DC4D}.Release|iPhone.Deploy.0 = Release|x86
		{970C1EF8-F389-4F8E-AEBF-D2B053A4DC4D}.Release|iPhoneSimulator.ActiveCfg = Release|x86
		{970C1EF8-F389-4F8E-AEBF-D2B053A4DC4D}.Release|iPhoneSimulator.Build.0 = Release|x86
		{970C1EF8-F389-4F8E-AEBF-D2B053A4DC4D}.Release|iPhoneSimulator.Deploy.0 = Release|x86
		{970C1EF8-F389-4F8E-AEBF-D2B053A4DC4D}.Release|x64.ActiveCfg = Release|x64
		{970C1EF8-F389-4F8E-AEBF-D2B053A4DC4D}.Release|x64.Build.0 = Release|x64
		{970C1EF8-F389-4F8E-AEBF-D2B053A4DC4D}.Release|x64.Deploy.0 = Release|x64
		{970C1EF8-F389-4F8E-AEBF-D2B053A4DC4D}.Release|x86.ActiveCfg = Release|x86
		{970C1EF8-F389-4F8E-AEBF-D2B053A4DC4D}.Release|x86.Build.0 = Release|x86
		{970C1EF8-F389-4F8E-AEBF-D2B053A4DC4D}.Release|x86.Deploy.0 = Release|x86
		{8FBCFD18-240B-4E5E-B8D2-A4FFCD581459}.Debug|Any CPU.ActiveCfg = Debug|Any CPU
		{8FBCFD18-240B-4E5E-B8D2-A4FFCD581459}.Debug|Any CPU.Build.0 = Debug|Any CPU
		{8FBCFD18-240B-4E5E-B8D2-A4FFCD581459}.Debug|Any CPU.Deploy.0 = Debug|Any CPU
		{8FBCFD18-240B-4E5E-B8D2-A4FFCD581459}.Debug|ARM.ActiveCfg = Debug|Any CPU
		{8FBCFD18-240B-4E5E-B8D2-A4FFCD581459}.Debug|ARM.Build.0 = Debug|Any CPU
		{8FBCFD18-240B-4E5E-B8D2-A4FFCD581459}.Debug|ARM.Deploy.0 = Debug|Any CPU
		{8FBCFD18-240B-4E5E-B8D2-A4FFCD581459}.Debug|iPhone.ActiveCfg = Debug|Any CPU
		{8FBCFD18-240B-4E5E-B8D2-A4FFCD581459}.Debug|iPhone.Build.0 = Debug|Any CPU
		{8FBCFD18-240B-4E5E-B8D2-A4FFCD581459}.Debug|iPhone.Deploy.0 = Debug|Any CPU
		{8FBCFD18-240B-4E5E-B8D2-A4FFCD581459}.Debug|iPhoneSimulator.ActiveCfg = Debug|Any CPU
		{8FBCFD18-240B-4E5E-B8D2-A4FFCD581459}.Debug|iPhoneSimulator.Build.0 = Debug|Any CPU
		{8FBCFD18-240B-4E5E-B8D2-A4FFCD581459}.Debug|iPhoneSimulator.Deploy.0 = Debug|Any CPU
		{8FBCFD18-240B-4E5E-B8D2-A4FFCD581459}.Debug|x64.ActiveCfg = Debug|Any CPU
		{8FBCFD18-240B-4E5E-B8D2-A4FFCD581459}.Debug|x64.Build.0 = Debug|Any CPU
		{8FBCFD18-240B-4E5E-B8D2-A4FFCD581459}.Debug|x64.Deploy.0 = Debug|Any CPU
		{8FBCFD18-240B-4E5E-B8D2-A4FFCD581459}.Debug|x86.ActiveCfg = Debug|Any CPU
		{8FBCFD18-240B-4E5E-B8D2-A4FFCD581459}.Debug|x86.Build.0 = Debug|Any CPU
		{8FBCFD18-240B-4E5E-B8D2-A4FFCD581459}.Debug|x86.Deploy.0 = Debug|Any CPU
		{8FBCFD18-240B-4E5E-B8D2-A4FFCD581459}.Release|Any CPU.ActiveCfg = Release|Any CPU
		{8FBCFD18-240B-4E5E-B8D2-A4FFCD581459}.Release|Any CPU.Build.0 = Release|Any CPU
		{8FBCFD18-240B-4E5E-B8D2-A4FFCD581459}.Release|Any CPU.Deploy.0 = Release|Any CPU
		{8FBCFD18-240B-4E5E-B8D2-A4FFCD581459}.Release|ARM.ActiveCfg = Release|Any CPU
		{8FBCFD18-240B-4E5E-B8D2-A4FFCD581459}.Release|ARM.Build.0 = Release|Any CPU
		{8FBCFD18-240B-4E5E-B8D2-A4FFCD581459}.Release|ARM.Deploy.0 = Release|Any CPU
		{8FBCFD18-240B-4E5E-B8D2-A4FFCD581459}.Release|iPhone.ActiveCfg = Release|Any CPU
		{8FBCFD18-240B-4E5E-B8D2-A4FFCD581459}.Release|iPhone.Build.0 = Release|Any CPU
		{8FBCFD18-240B-4E5E-B8D2-A4FFCD581459}.Release|iPhone.Deploy.0 = Release|Any CPU
		{8FBCFD18-240B-4E5E-B8D2-A4FFCD581459}.Release|iPhoneSimulator.ActiveCfg = Release|Any CPU
		{8FBCFD18-240B-4E5E-B8D2-A4FFCD581459}.Release|iPhoneSimulator.Build.0 = Release|Any CPU
		{8FBCFD18-240B-4E5E-B8D2-A4FFCD581459}.Release|iPhoneSimulator.Deploy.0 = Release|Any CPU
		{8FBCFD18-240B-4E5E-B8D2-A4FFCD581459}.Release|x64.ActiveCfg = Release|Any CPU
		{8FBCFD18-240B-4E5E-B8D2-A4FFCD581459}.Release|x64.Build.0 = Release|Any CPU
		{8FBCFD18-240B-4E5E-B8D2-A4FFCD581459}.Release|x64.Deploy.0 = Release|Any CPU
		{8FBCFD18-240B-4E5E-B8D2-A4FFCD581459}.Release|x86.ActiveCfg = Release|Any CPU
		{8FBCFD18-240B-4E5E-B8D2-A4FFCD581459}.Release|x86.Build.0 = Release|Any CPU
		{8FBCFD18-240B-4E5E-B8D2-A4FFCD581459}.Release|x86.Deploy.0 = Release|Any CPU
		{A4D96547-44DA-4593-A033-424D2CEF1CCE}.Debug|Any CPU.ActiveCfg = Debug|iPhone
		{A4D96547-44DA-4593-A033-424D2CEF1CCE}.Debug|Any CPU.Build.0 = Debug|iPhone
		{A4D96547-44DA-4593-A033-424D2CEF1CCE}.Debug|Any CPU.Deploy.0 = Debug|iPhone
		{A4D96547-44DA-4593-A033-424D2CEF1CCE}.Debug|ARM.ActiveCfg = Debug|iPhoneSimulator
		{A4D96547-44DA-4593-A033-424D2CEF1CCE}.Debug|ARM.Build.0 = Debug|iPhoneSimulator
		{A4D96547-44DA-4593-A033-424D2CEF1CCE}.Debug|ARM.Deploy.0 = Debug|iPhoneSimulator
		{A4D96547-44DA-4593-A033-424D2CEF1CCE}.Debug|iPhone.ActiveCfg = Debug|iPhone
		{A4D96547-44DA-4593-A033-424D2CEF1CCE}.Debug|iPhone.Build.0 = Debug|iPhone
		{A4D96547-44DA-4593-A033-424D2CEF1CCE}.Debug|iPhone.Deploy.0 = Debug|iPhone
		{A4D96547-44DA-4593-A033-424D2CEF1CCE}.Debug|iPhoneSimulator.ActiveCfg = Debug|iPhoneSimulator
		{A4D96547-44DA-4593-A033-424D2CEF1CCE}.Debug|iPhoneSimulator.Build.0 = Debug|iPhoneSimulator
		{A4D96547-44DA-4593-A033-424D2CEF1CCE}.Debug|iPhoneSimulator.Deploy.0 = Debug|iPhoneSimulator
		{A4D96547-44DA-4593-A033-424D2CEF1CCE}.Debug|x64.ActiveCfg = Debug|iPhone
		{A4D96547-44DA-4593-A033-424D2CEF1CCE}.Debug|x64.Build.0 = Debug|iPhone
		{A4D96547-44DA-4593-A033-424D2CEF1CCE}.Debug|x64.Deploy.0 = Debug|iPhone
		{A4D96547-44DA-4593-A033-424D2CEF1CCE}.Debug|x86.ActiveCfg = Debug|iPhone
		{A4D96547-44DA-4593-A033-424D2CEF1CCE}.Debug|x86.Build.0 = Debug|iPhone
		{A4D96547-44DA-4593-A033-424D2CEF1CCE}.Debug|x86.Deploy.0 = Debug|iPhone
		{A4D96547-44DA-4593-A033-424D2CEF1CCE}.Release|Any CPU.ActiveCfg = Release|iPhone
		{A4D96547-44DA-4593-A033-424D2CEF1CCE}.Release|Any CPU.Build.0 = Release|iPhone
		{A4D96547-44DA-4593-A033-424D2CEF1CCE}.Release|Any CPU.Deploy.0 = Release|iPhone
		{A4D96547-44DA-4593-A033-424D2CEF1CCE}.Release|ARM.ActiveCfg = Release|iPhone
		{A4D96547-44DA-4593-A033-424D2CEF1CCE}.Release|ARM.Build.0 = Release|iPhone
		{A4D96547-44DA-4593-A033-424D2CEF1CCE}.Release|ARM.Deploy.0 = Release|iPhone
		{A4D96547-44DA-4593-A033-424D2CEF1CCE}.Release|iPhone.ActiveCfg = Release|iPhone
		{A4D96547-44DA-4593-A033-424D2CEF1CCE}.Release|iPhone.Build.0 = Release|iPhone
		{A4D96547-44DA-4593-A033-424D2CEF1CCE}.Release|iPhone.Deploy.0 = Release|iPhone
		{A4D96547-44DA-4593-A033-424D2CEF1CCE}.Release|iPhoneSimulator.ActiveCfg = Release|iPhoneSimulator
		{A4D96547-44DA-4593-A033-424D2CEF1CCE}.Release|iPhoneSimulator.Build.0 = Release|iPhoneSimulator
		{A4D96547-44DA-4593-A033-424D2CEF1CCE}.Release|iPhoneSimulator.Deploy.0 = Release|iPhoneSimulator
		{A4D96547-44DA-4593-A033-424D2CEF1CCE}.Release|x64.ActiveCfg = Release|iPhone
		{A4D96547-44DA-4593-A033-424D2CEF1CCE}.Release|x64.Build.0 = Release|iPhone
		{A4D96547-44DA-4593-A033-424D2CEF1CCE}.Release|x64.Deploy.0 = Release|iPhone
		{A4D96547-44DA-4593-A033-424D2CEF1CCE}.Release|x86.ActiveCfg = Release|iPhone
		{A4D96547-44DA-4593-A033-424D2CEF1CCE}.Release|x86.Build.0 = Release|iPhone
		{A4D96547-44DA-4593-A033-424D2CEF1CCE}.Release|x86.Deploy.0 = Release|iPhone
		{46B0532A-7BCC-48BE-ABB6-1C61F5BFD7BE}.Debug|Any CPU.ActiveCfg = Debug|Any CPU
		{46B0532A-7BCC-48BE-ABB6-1C61F5BFD7BE}.Debug|Any CPU.Build.0 = Debug|Any CPU
		{46B0532A-7BCC-48BE-ABB6-1C61F5BFD7BE}.Debug|Any CPU.Deploy.0 = Debug|Any CPU
		{46B0532A-7BCC-48BE-ABB6-1C61F5BFD7BE}.Debug|ARM.ActiveCfg = Debug|Any CPU
		{46B0532A-7BCC-48BE-ABB6-1C61F5BFD7BE}.Debug|ARM.Build.0 = Debug|Any CPU
		{46B0532A-7BCC-48BE-ABB6-1C61F5BFD7BE}.Debug|ARM.Deploy.0 = Debug|Any CPU
		{46B0532A-7BCC-48BE-ABB6-1C61F5BFD7BE}.Debug|iPhone.ActiveCfg = Debug|Any CPU
		{46B0532A-7BCC-48BE-ABB6-1C61F5BFD7BE}.Debug|iPhone.Build.0 = Debug|Any CPU
		{46B0532A-7BCC-48BE-ABB6-1C61F5BFD7BE}.Debug|iPhone.Deploy.0 = Debug|Any CPU
		{46B0532A-7BCC-48BE-ABB6-1C61F5BFD7BE}.Debug|iPhoneSimulator.ActiveCfg = Debug|Any CPU
		{46B0532A-7BCC-48BE-ABB6-1C61F5BFD7BE}.Debug|iPhoneSimulator.Build.0 = Debug|Any CPU
		{46B0532A-7BCC-48BE-ABB6-1C61F5BFD7BE}.Debug|iPhoneSimulator.Deploy.0 = Debug|Any CPU
		{46B0532A-7BCC-48BE-ABB6-1C61F5BFD7BE}.Debug|x64.ActiveCfg = Debug|Any CPU
		{46B0532A-7BCC-48BE-ABB6-1C61F5BFD7BE}.Debug|x64.Build.0 = Debug|Any CPU
		{46B0532A-7BCC-48BE-ABB6-1C61F5BFD7BE}.Debug|x64.Deploy.0 = Debug|Any CPU
		{46B0532A-7BCC-48BE-ABB6-1C61F5BFD7BE}.Debug|x86.ActiveCfg = Debug|Any CPU
		{46B0532A-7BCC-48BE-ABB6-1C61F5BFD7BE}.Debug|x86.Build.0 = Debug|Any CPU
		{46B0532A-7BCC-48BE-ABB6-1C61F5BFD7BE}.Debug|x86.Deploy.0 = Debug|Any CPU
		{46B0532A-7BCC-48BE-ABB6-1C61F5BFD7BE}.Release|Any CPU.ActiveCfg = Release|Any CPU
		{46B0532A-7BCC-48BE-ABB6-1C61F5BFD7BE}.Release|Any CPU.Build.0 = Release|Any CPU
		{46B0532A-7BCC-48BE-ABB6-1C61F5BFD7BE}.Release|Any CPU.Deploy.0 = Release|Any CPU
		{46B0532A-7BCC-48BE-ABB6-1C61F5BFD7BE}.Release|ARM.ActiveCfg = Release|Any CPU
		{46B0532A-7BCC-48BE-ABB6-1C61F5BFD7BE}.Release|ARM.Build.0 = Release|Any CPU
		{46B0532A-7BCC-48BE-ABB6-1C61F5BFD7BE}.Release|ARM.Deploy.0 = Release|Any CPU
		{46B0532A-7BCC-48BE-ABB6-1C61F5BFD7BE}.Release|iPhone.ActiveCfg = Release|Any CPU
		{46B0532A-7BCC-48BE-ABB6-1C61F5BFD7BE}.Release|iPhone.Build.0 = Release|Any CPU
		{46B0532A-7BCC-48BE-ABB6-1C61F5BFD7BE}.Release|iPhone.Deploy.0 = Release|Any CPU
		{46B0532A-7BCC-48BE-ABB6-1C61F5BFD7BE}.Release|iPhoneSimulator.ActiveCfg = Release|Any CPU
		{46B0532A-7BCC-48BE-ABB6-1C61F5BFD7BE}.Release|iPhoneSimulator.Build.0 = Release|Any CPU
		{46B0532A-7BCC-48BE-ABB6-1C61F5BFD7BE}.Release|iPhoneSimulator.Deploy.0 = Release|Any CPU
		{46B0532A-7BCC-48BE-ABB6-1C61F5BFD7BE}.Release|x64.ActiveCfg = Release|Any CPU
		{46B0532A-7BCC-48BE-ABB6-1C61F5BFD7BE}.Release|x64.Build.0 = Release|Any CPU
		{46B0532A-7BCC-48BE-ABB6-1C61F5BFD7BE}.Release|x64.Deploy.0 = Release|Any CPU
		{46B0532A-7BCC-48BE-ABB6-1C61F5BFD7BE}.Release|x86.ActiveCfg = Release|Any CPU
		{46B0532A-7BCC-48BE-ABB6-1C61F5BFD7BE}.Release|x86.Build.0 = Release|Any CPU
		{46B0532A-7BCC-48BE-ABB6-1C61F5BFD7BE}.Release|x86.Deploy.0 = Release|Any CPU
	EndGlobalSection
	GlobalSection(SolutionProperties) = preSolution
		HideSolutionNode = FALSE
	EndGlobalSection
	GlobalSection(ExtensibilityGlobals) = postSolution
		SolutionGuid = {80035A65-7F20-4802-B5EF-5F80118CE2A6}
	EndGlobalSection
EndGlobal
